// !$*UTF8*$!
{
	archiveVersion = 1;
	classes = {
	};
	objectVersion = 46;
	objects = {

/* Begin PBXBuildFile section */
		7EC316B116FAE8A20077AC52 /* UIKit.framework in Frameworks */ = {isa = PBXBuildFile; fileRef = 7EC316B016FAE8A20077AC52 /* UIKit.framework */; };
		7EC316B316FAE8A20077AC52 /* Foundation.framework in Frameworks */ = {isa = PBXBuildFile; fileRef = 7EC316B216FAE8A20077AC52 /* Foundation.framework */; };
		7EC316B516FAE8A20077AC52 /* CoreGraphics.framework in Frameworks */ = {isa = PBXBuildFile; fileRef = 7EC316B416FAE8A20077AC52 /* CoreGraphics.framework */; };
		7EC316BB16FAE8A20077AC52 /* InfoPlist.strings in Resources */ = {isa = PBXBuildFile; fileRef = 7EC316B916FAE8A20077AC52 /* InfoPlist.strings */; };
		7EC316BD16FAE8A20077AC52 /* main.m in Sources */ = {isa = PBXBuildFile; fileRef = 7EC316BC16FAE8A20077AC52 /* main.m */; };
		7EC316C116FAE8A20077AC52 /* AppDelegate.m in Sources */ = {isa = PBXBuildFile; fileRef = 7EC316C016FAE8A20077AC52 /* AppDelegate.m */; };
		7EC316C316FAE8A20077AC52 /* Default.png in Resources */ = {isa = PBXBuildFile; fileRef = 7EC316C216FAE8A20077AC52 /* Default.png */; };
		7EC316C516FAE8A20077AC52 /* Default@2x.png in Resources */ = {isa = PBXBuildFile; fileRef = 7EC316C416FAE8A20077AC52 /* Default@2x.png */; };
		7EC316C716FAE8A20077AC52 /* Default-568h@2x.png in Resources */ = {isa = PBXBuildFile; fileRef = 7EC316C616FAE8A20077AC52 /* Default-568h@2x.png */; };
/* End PBXBuildFile section */

/* Begin PBXFileReference section */
		7EC316AD16FAE8A20077AC52 /* CMWeibo.app */ = {isa = PBXFileReference; explicitFileType = wrapper.application; includeInIndex = 0; path = CMWeibo.app; sourceTree = BUILT_PRODUCTS_DIR; };
		7EC316B016FAE8A20077AC52 /* UIKit.framework */ = {isa = PBXFileReference; lastKnownFileType = wrapper.framework; name = UIKit.framework; path = System/Library/Frameworks/UIKit.framework; sourceTree = SDKROOT; };
		7EC316B216FAE8A20077AC52 /* Foundation.framework */ = {isa = PBXFileReference; lastKnownFileType = wrapper.framework; name = Foundation.framework; path = System/Library/Frameworks/Foundation.framework; sourceTree = SDKROOT; };
		7EC316B416FAE8A20077AC52 /* CoreGraphics.framework */ = {isa = PBXFileReference; lastKnownFileType = wrapper.framework; name = CoreGraphics.framework; path = System/Library/Frameworks/CoreGraphics.framework; sourceTree = SDKROOT; };
		7EC316B816FAE8A20077AC52 /* CMWeibo-Info.plist */ = {isa = PBXFileReference; lastKnownFileType = text.plist.xml; path = "CMWeibo-Info.plist"; sourceTree = "<group>"; };
		7EC316BA16FAE8A20077AC52 /* en */ = {isa = PBXFileReference; lastKnownFileType = text.plist.strings; name = en; path = en.lproj/InfoPlist.strings; sourceTree = "<group>"; };
		7EC316BC16FAE8A20077AC52 /* main.m */ = {isa = PBXFileReference; lastKnownFileType = sourcecode.c.objc; path = main.m; sourceTree = "<group>"; };
		7EC316BE16FAE8A20077AC52 /* CMWeibo-Prefix.pch */ = {isa = PBXFileReference; lastKnownFileType = sourcecode.c.h; path = "CMWeibo-Prefix.pch"; sourceTree = "<group>"; };
		7EC316BF16FAE8A20077AC52 /* AppDelegate.h */ = {isa = PBXFileReference; lastKnownFileType = sourcecode.c.h; path = AppDelegate.h; sourceTree = "<group>"; };
		7EC316C016FAE8A20077AC52 /* AppDelegate.m */ = {isa = PBXFileReference; lastKnownFileType = sourcecode.c.objc; path = AppDelegate.m; sourceTree = "<group>"; };
		7EC316C216FAE8A20077AC52 /* Default.png */ = {isa = PBXFileReference; lastKnownFileType = image.png; path = Default.png; sourceTree = "<group>"; };
		7EC316C416FAE8A20077AC52 /* Default@2x.png */ = {isa = PBXFileReference; lastKnownFileType = image.png; path = "Default@2x.png"; sourceTree = "<group>"; };
		7EC316C616FAE8A20077AC52 /* Default-568h@2x.png */ = {isa = PBXFileReference; lastKnownFileType = image.png; path = "Default-568h@2x.png"; sourceTree = "<group>"; };
/* End PBXFileReference section */

/* Begin PBXFrameworksBuildPhase section */
		7EC316AA16FAE8A20077AC52 /* Frameworks */ = {
			isa = PBXFrameworksBuildPhase;
			buildActionMask = 2147483647;
			files = (
				7EC316B116FAE8A20077AC52 /* UIKit.framework in Frameworks */,
				7EC316B316FAE8A20077AC52 /* Foundation.framework in Frameworks */,
				7EC316B516FAE8A20077AC52 /* CoreGraphics.framework in Frameworks */,
			);
			runOnlyForDeploymentPostprocessing = 0;
		};
/* End PBXFrameworksBuildPhase section */

/* Begin PBXGroup section */
		7EC316A416FAE8A20077AC52 = {
			isa = PBXGroup;
			children = (
				7EC316B616FAE8A20077AC52 /* CMWeibo */,
				7EC316AF16FAE8A20077AC52 /* Frameworks */,
				7EC316AE16FAE8A20077AC52 /* Products */,
			);
			sourceTree = "<group>";
		};
		7EC316AE16FAE8A20077AC52 /* Products */ = {
			isa = PBXGroup;
			children = (
				7EC316AD16FAE8A20077AC52 /* CMWeibo.app */,
			);
			name = Products;
			sourceTree = "<group>";
		};
		7EC316AF16FAE8A20077AC52 /* Frameworks */ = {
			isa = PBXGroup;
			children = (
				7EC316B016FAE8A20077AC52 /* UIKit.framework */,
				7EC316B216FAE8A20077AC52 /* Foundation.framework */,
				7EC316B416FAE8A20077AC52 /* CoreGraphics.framework */,
			);
			name = Frameworks;
			sourceTree = "<group>";
		};
		7EC316B616FAE8A20077AC52 /* CMWeibo */ = {
			isa = PBXGroup;
			children = (
				7EC316BF16FAE8A20077AC52 /* AppDelegate.h */,
				7EC316C016FAE8A20077AC52 /* AppDelegate.m */,
				7EC316B716FAE8A20077AC52 /* Supporting Files */,
			);
			path = CMWeibo;
			sourceTree = "<group>";
		};
		7EC316B716FAE8A20077AC52 /* Supporting Files */ = {
			isa = PBXGroup;
			children = (
				7EC316B816FAE8A20077AC52 /* CMWeibo-Info.plist */,
				7EC316B916FAE8A20077AC52 /* InfoPlist.strings */,
				7EC316BC16FAE8A20077AC52 /* main.m */,
				7EC316BE16FAE8A20077AC52 /* CMWeibo-Prefix.pch */,
				7EC316C216FAE8A20077AC52 /* Default.png */,
				7EC316C416FAE8A20077AC52 /* Default@2x.png */,
				7EC316C616FAE8A20077AC52 /* Default-568h@2x.png */,
			);
			name = "Supporting Files";
			sourceTree = "<group>";
		};
/* End PBXGroup section */

/* Begin PBXNativeTarget section */
		7EC316AC16FAE8A20077AC52 /* CMWeibo */ = {
			isa = PBXNativeTarget;
			buildConfigurationList = 7EC316CA16FAE8A20077AC52 /* Build configuration list for PBXNativeTarget "CMWeibo" */;
			buildPhases = (
				7EC316A916FAE8A20077AC52 /* Sources */,
				7EC316AA16FAE8A20077AC52 /* Frameworks */,
				7EC316AB16FAE8A20077AC52 /* Resources */,
			);
			buildRules = (
			);
			dependencies = (
			);
			name = CMWeibo;
			productName = CMWeibo;
			productReference = 7EC316AD16FAE8A20077AC52 /* CMWeibo.app */;
			productType = "com.apple.product-type.application";
		};
/* End PBXNativeTarget section */

/* Begin PBXProject section */
		7EC316A516FAE8A20077AC52 /* Project object */ = {
			isa = PBXProject;
			attributes = {
				LastUpgradeCheck = 0460;
				ORGANIZATIONNAME = cm;
			};
			buildConfigurationList = 7EC316A816FAE8A20077AC52 /* Build configuration list for PBXProject "CMWeibo" */;
			compatibilityVersion = "Xcode 3.2";
			developmentRegion = English;
			hasScannedForEncodings = 0;
			knownRegions = (
				en,
			);
			mainGroup = 7EC316A416FAE8A20077AC52;
			productRefGroup = 7EC316AE16FAE8A20077AC52 /* Products */;
			projectDirPath = "";
			projectRoot = "";
			targets = (
				7EC316AC16FAE8A20077AC52 /* CMWeibo */,
			);
		};
/* End PBXProject section */

/* Begin PBXResourcesBuildPhase section */
		7EC316AB16FAE8A20077AC52 /* Resources */ = {
			isa = PBXResourcesBuildPhase;
			buildActionMask = 2147483647;
			files = (
				7EC316BB16FAE8A20077AC52 /* InfoPlist.strings in Resources */,
				7EC316C316FAE8A20077AC52 /* Default.png in Resources */,
				7EC316C516FAE8A20077AC52 /* Default@2x.png in Resources */,
				7EC316C716FAE8A20077AC52 /* Default-568h@2x.png in Resources */,
			);
			runOnlyForDeploymentPostprocessing = 0;
		};
/* End PBXResourcesBuildPhase section */

/* Begin PBXSourcesBuildPhase section */
		7EC316A916FAE8A20077AC52 /* Sources */ = {
			isa = PBXSourcesBuildPhase;
			buildActionMask = 2147483647;
			files = (
				7EC316BD16FAE8A20077AC52 /* main.m in Sources */,
				7EC316C116FAE8A20077AC52 /* AppDelegate.m in Sources */,
			);
			runOnlyForDeploymentPostprocessing = 0;
		};
/* End PBXSourcesBuildPhase section */

/* Begin PBXVariantGroup section */
		7EC316B916FAE8A20077AC52 /* InfoPlist.strings */ = {
			isa = PBXVariantGroup;
			children = (
				7EC316BA16FAE8A20077AC52 /* en */,
			);
			name = InfoPlist.strings;
			sourceTree = "<group>";
		};
/* End PBXVariantGroup section */

/* Begin XCBuildConfiguration section */
		7EC316C816FAE8A20077AC52 /* Debug */ = {
			isa = XCBuildConfiguration;
			buildSettings = {
				ALWAYS_SEARCH_USER_PATHS = NO;
				CLANG_CXX_LANGUAGE_STANDARD = "gnu++0x";
				CLANG_CXX_LIBRARY = "libc++";
				CLANG_WARN_CONSTANT_CONVERSION = YES;
				CLANG_WARN_EMPTY_BODY = YES;
				CLANG_WARN_ENUM_CONVERSION = YES;
				CLANG_WARN_INT_CONVERSION = YES;
				CLANG_WARN__DUPLICATE_METHOD_MATCH = YES;
				"CODE_SIGN_IDENTITY[sdk=iphoneos*]" = "iPhone Developer";
				COPY_PHASE_STRIP = NO;
				GCC_C_LANGUAGE_STANDARD = gnu99;
				GCC_DYNAMIC_NO_PIC = NO;
				GCC_OPTIMIZATION_LEVEL = 0;
				GCC_PREPROCESSOR_DEFINITIONS = (
					"DEBUG=1",
					"$(inherited)",
				);
				GCC_SYMBOLS_PRIVATE_EXTERN = NO;
				GCC_WARN_ABOUT_RETURN_TYPE = YES;
				GCC_WARN_UNINITIALIZED_AUTOS = YES;
				GCC_WARN_UNUSED_VARIABLE = YES;
				IPHONEOS_DEPLOYMENT_TARGET = 6.1;
				ONLY_ACTIVE_ARCH = YES;
				SDKROOT = iphoneos;
			};
			name = Debug;
		};
		7EC316C916FAE8A20077AC52 /* Release */ = {
			isa = XCBuildConfiguration;
			buildSettings = {
				ALWAYS_SEARCH_USER_PATHS = NO;
				CLANG_CXX_LANGUAGE_STANDARD = "gnu++0x";
				CLANG_CXX_LIBRARY = "libc++";
				CLANG_WARN_CONSTANT_CONVERSION = YES;
				CLANG_WARN_EMPTY_BODY = YES;
				CLANG_WARN_ENUM_CONVERSION = YES;
				CLANG_WARN_INT_CONVERSION = YES;
				CLANG_WARN__DUPLICATE_METHOD_MATCH = YES;
				"CODE_SIGN_IDENTITY[sdk=iphoneos*]" = "iPhone Developer";
				COPY_PHASE_STRIP = YES;
				GCC_C_LANGUAGE_STANDARD = gnu99;
				GCC_WARN_ABOUT_RETURN_TYPE = YES;
				GCC_WARN_UNINITIALIZED_AUTOS = YES;
				GCC_WARN_UNUSED_VARIABLE = YES;
				IPHONEOS_DEPLOYMENT_TARGET = 6.1;
				OTHER_CFLAGS = "-DNS_BLOCK_ASSERTIONS=1";
				SDKROOT = iphoneos;
				VALIDATE_PRODUCT = YES;
			};
			name = Release;
		};
		7EC316CB16FAE8A20077AC52 /* Debug */ = {
			isa = XCBuildConfiguration;
			buildSettings = {
				GCC_PRECOMPILE_PREFIX_HEADER = YES;
				GCC_PREFIX_HEADER = "CMWeibo/CMWeibo-Prefix.pch";
				INFOPLIST_FILE = "CMWeibo/CMWeibo-Info.plist";
				PRODUCT_NAME = "$(TARGET_NAME)";
				WRAPPER_EXTENSION = app;
			};
			name = Debug;
		};
		7EC316CC16FAE8A20077AC52 /* Release */ = {
			isa = XCBuildConfiguration;
			buildSettings = {
				GCC_PRECOMPILE_PREFIX_HEADER = YES;
				GCC_PREFIX_HEADER = "CMWeibo/CMWeibo-Prefix.pch";
				INFOPLIST_FILE = "CMWeibo/CMWeibo-Info.plist";
				PRODUCT_NAME = "$(TARGET_NAME)";
				WRAPPER_EXTENSION = app;
			};
			name = Release;
		};
/* End XCBuildConfiguration section */

/* Begin XCConfigurationList section */
		7EC316A816FAE8A20077AC52 /* Build configuration list for PBXProject "CMWeibo" */ = {
			isa = XCConfigurationList;
			buildConfigurations = (
				7EC316C816FAE8A20077AC52 /* Debug */,
				7EC316C916FAE8A20077AC52 /* Release */,
			);
			defaultConfigurationIsVisible = 0;
			defaultConfigurationName = Release;
		};
		7EC316CA16FAE8A20077AC52 /* Build configuration list for PBXNativeTarget "CMWeibo" */ = {
			isa = XCConfigurationList;
			buildConfigurations = (
				7EC316CB16FAE8A20077AC52 /* Debug */,
				7EC316CC16FAE8A20077AC52 /* Release */,
			);
			defaultConfigurationIsVisible = 0;
		};
/* End XCConfigurationList section */
	};
	rootObject = 7EC316A516FAE8A20077AC52 /* Project object */;
}
